<?xml version="1.0" encoding="UTF-8"?>
<!DOCTYPE plist PUBLIC "-//Apple//DTD PLIST 1.0//EN" "http://www.apple.com/DTDs/PropertyList-1.0.dtd">
<plist version="1.0">
<dict>
	<key>archiveVersion</key>
	<string>1</string>
	<key>classes</key>
	<dict/>
	<key>objectVersion</key>
	<string>46</string>
	<key>objects</key>
	<dict>
		<key>52262CE17DD849A8B931D65F</key>
		<dict>
			<key>buildActionMask</key>
			<string>2147483647</string>
			<key>files</key>
			<array/>
			<key>inputPaths</key>
			<array/>
			<key>isa</key>
			<string>PBXShellScriptBuildPhase</string>
			<key>name</key>
			<string>Check Pods Manifest.lock</string>
			<key>outputPaths</key>
			<array/>
			<key>runOnlyForDeploymentPostprocessing</key>
			<string>0</string>
			<key>shellPath</key>
			<string>/bin/sh</string>
			<key>shellScript</key>
			<string>diff "${PODS_ROOT}/../Podfile.lock" "${PODS_ROOT}/Manifest.lock" &gt; /dev/null
if [[ $? != 0 ]] ; then
    cat &lt;&lt; EOM
error: The sandbox is not in sync with the Podfile.lock. Run 'pod install' or update your CocoaPods installation.
EOM
    exit 1
fi
</string>
			<key>showEnvVarsInLog</key>
			<string>0</string>
		</dict>
		<key>852E41C35DA44549A7436BFA</key>
		<dict>
			<key>includeInIndex</key>
			<string>1</string>
			<key>isa</key>
			<string>PBXFileReference</string>
			<key>lastKnownFileType</key>
			<string>text.xcconfig</string>
			<key>name</key>
			<string>Pods-Scrapbook.xcconfig</string>
			<key>path</key>
			<string>Pods/Pods-Scrapbook.xcconfig</string>
			<key>sourceTree</key>
			<string>&lt;group&gt;</string>
		</dict>
		<key>865D3656DA6D4784BFEBC9FA</key>
		<dict>
			<key>explicitFileType</key>
			<string>archive.ar</string>
			<key>includeInIndex</key>
			<string>0</string>
			<key>isa</key>
			<string>PBXFileReference</string>
			<key>path</key>
			<string>libPods-Scrapbook.a</string>
			<key>sourceTree</key>
			<string>BUILT_PRODUCTS_DIR</string>
		</dict>
		<key>C423B7DC7255405CA617148E</key>
		<dict>
			<key>buildActionMask</key>
			<string>2147483647</string>
			<key>files</key>
			<array/>
			<key>inputPaths</key>
			<array/>
			<key>isa</key>
			<string>PBXShellScriptBuildPhase</string>
			<key>name</key>
			<string>Copy Pods Resources</string>
			<key>outputPaths</key>
			<array/>
			<key>runOnlyForDeploymentPostprocessing</key>
			<string>0</string>
			<key>shellPath</key>
			<string>/bin/sh</string>
			<key>shellScript</key>
			<string>"${SRCROOT}/Pods/Pods-Scrapbook-resources.sh"
</string>
			<key>showEnvVarsInLog</key>
			<string>0</string>
		</dict>
		<key>CC06ABBE1892F7FD00E05422</key>
		<dict>
			<key>children</key>
			<array>
				<string>CC06ABD01892F7FD00E05422</string>
				<string>CC06ABEF1892F7FE00E05422</string>
				<string>CC06ABC91892F7FD00E05422</string>
				<string>CC06ABC81892F7FD00E05422</string>
				<string>852E41C35DA44549A7436BFA</string>
			</array>
			<key>isa</key>
			<string>PBXGroup</string>
			<key>sourceTree</key>
			<string>&lt;group&gt;</string>
		</dict>
		<key>CC06ABBF1892F7FD00E05422</key>
		<dict>
			<key>attributes</key>
			<dict>
				<key>CLASSPREFIX</key>
				<string>FG</string>
				<key>LastUpgradeCheck</key>
				<string>0500</string>
				<key>ORGANIZATIONNAME</key>
				<string>Finn Gaida</string>
				<key>TargetAttributes</key>
				<dict>
					<key>CC06ABE71892F7FE00E05422</key>
					<dict>
						<key>TestTargetID</key>
						<string>CC06ABC61892F7FD00E05422</string>
					</dict>
				</dict>
			</dict>
			<key>buildConfigurationList</key>
			<string>CC06ABC21892F7FD00E05422</string>
			<key>compatibilityVersion</key>
			<string>Xcode 3.2</string>
			<key>developmentRegion</key>
			<string>English</string>
			<key>hasScannedForEncodings</key>
			<string>0</string>
			<key>isa</key>
			<string>PBXProject</string>
			<key>knownRegions</key>
			<array>
				<string>en</string>
				<string>Base</string>
			</array>
			<key>mainGroup</key>
			<string>CC06ABBE1892F7FD00E05422</string>
			<key>productRefGroup</key>
			<string>CC06ABC81892F7FD00E05422</string>
			<key>projectDirPath</key>
			<string></string>
			<key>projectReferences</key>
			<array/>
			<key>projectRoot</key>
			<string></string>
			<key>targets</key>
			<array>
				<string>CC06ABC61892F7FD00E05422</string>
				<string>CC06ABE71892F7FE00E05422</string>
			</array>
		</dict>
		<key>CC06ABC21892F7FD00E05422</key>
		<dict>
			<key>buildConfigurations</key>
			<array>
				<string>CC06ABF71892F7FE00E05422</string>
				<string>CC06ABF81892F7FE00E05422</string>
			</array>
			<key>defaultConfigurationIsVisible</key>
			<string>0</string>
			<key>defaultConfigurationName</key>
			<string>Release</string>
			<key>isa</key>
			<string>XCConfigurationList</string>
		</dict>
		<key>CC06ABC31892F7FD00E05422</key>
		<dict>
			<key>buildActionMask</key>
			<string>2147483647</string>
			<key>files</key>
			<array>
				<string>CC06ABD71892F7FD00E05422</string>
				<string>CC06ABDB1892F7FD00E05422</string>
				<string>CC06ABE11892F7FD00E05422</string>
			</array>
			<key>isa</key>
			<string>PBXSourcesBuildPhase</string>
			<key>runOnlyForDeploymentPostprocessing</key>
			<string>0</string>
		</dict>
		<key>CC06ABC41892F7FD00E05422</key>
		<dict>
			<key>buildActionMask</key>
			<string>2147483647</string>
			<key>files</key>
			<array>
				<string>CC06ABCD1892F7FD00E05422</string>
				<string>CC06ABCF1892F7FD00E05422</string>
				<string>CC06ABCB1892F7FD00E05422</string>
				<string>E8DDB93FDA6E49A7B7DD4A9A</string>
			</array>
			<key>isa</key>
			<string>PBXFrameworksBuildPhase</string>
			<key>runOnlyForDeploymentPostprocessing</key>
			<string>0</string>
		</dict>
		<key>CC06ABC51892F7FD00E05422</key>
		<dict>
			<key>buildActionMask</key>
			<string>2147483647</string>
			<key>files</key>
			<array>
				<string>CC06ABE31892F7FD00E05422</string>
				<string>CC06ABD51892F7FD00E05422</string>
				<string>CC06ABDE1892F7FD00E05422</string>
			</array>
			<key>isa</key>
			<string>PBXResourcesBuildPhase</string>
			<key>runOnlyForDeploymentPostprocessing</key>
			<string>0</string>
		</dict>
		<key>CC06ABC61892F7FD00E05422</key>
		<dict>
			<key>buildConfigurationList</key>
			<string>CC06ABF91892F7FE00E05422</string>
			<key>buildPhases</key>
			<array>
				<string>52262CE17DD849A8B931D65F</string>
				<string>CC06ABC31892F7FD00E05422</string>
				<string>CC06ABC41892F7FD00E05422</string>
				<string>CC06ABC51892F7FD00E05422</string>
				<string>C423B7DC7255405CA617148E</string>
			</array>
			<key>buildRules</key>
			<array/>
			<key>dependencies</key>
			<array/>
			<key>isa</key>
			<string>PBXNativeTarget</string>
			<key>name</key>
			<string>Scrapbook</string>
			<key>productName</key>
			<string>Scrapbook</string>
			<key>productReference</key>
			<string>CC06ABC71892F7FD00E05422</string>
			<key>productType</key>
			<string>com.apple.product-type.application</string>
		</dict>
		<key>CC06ABC71892F7FD00E05422</key>
		<dict>
			<key>explicitFileType</key>
			<string>wrapper.application</string>
			<key>includeInIndex</key>
			<string>0</string>
			<key>isa</key>
			<string>PBXFileReference</string>
			<key>path</key>
			<string>Scrapbook.app</string>
			<key>sourceTree</key>
			<string>BUILT_PRODUCTS_DIR</string>
		</dict>
		<key>CC06ABC81892F7FD00E05422</key>
		<dict>
			<key>children</key>
			<array>
				<string>CC06ABC71892F7FD00E05422</string>
				<string>CC06ABE81892F7FE00E05422</string>
			</array>
			<key>isa</key>
			<string>PBXGroup</string>
			<key>name</key>
			<string>Products</string>
			<key>sourceTree</key>
			<string>&lt;group&gt;</string>
		</dict>
		<key>CC06ABC91892F7FD00E05422</key>
		<dict>
			<key>children</key>
			<array>
				<string>CC06ABCA1892F7FD00E05422</string>
				<string>CC06ABCC1892F7FD00E05422</string>
				<string>CC06ABCE1892F7FD00E05422</string>
				<string>CC06ABE91892F7FE00E05422</string>
				<string>865D3656DA6D4784BFEBC9FA</string>
			</array>
			<key>isa</key>
			<string>PBXGroup</string>
			<key>name</key>
			<string>Frameworks</string>
			<key>sourceTree</key>
			<string>&lt;group&gt;</string>
		</dict>
		<key>CC06ABCA1892F7FD00E05422</key>
		<dict>
			<key>isa</key>
			<string>PBXFileReference</string>
			<key>lastKnownFileType</key>
			<string>wrapper.framework</string>
			<key>name</key>
			<string>Foundation.framework</string>
			<key>path</key>
			<string>System/Library/Frameworks/Foundation.framework</string>
			<key>sourceTree</key>
			<string>SDKROOT</string>
		</dict>
		<key>CC06ABCB1892F7FD00E05422</key>
		<dict>
			<key>fileRef</key>
			<string>CC06ABCA1892F7FD00E05422</string>
			<key>isa</key>
			<string>PBXBuildFile</string>
		</dict>
		<key>CC06ABCC1892F7FD00E05422</key>
		<dict>
			<key>isa</key>
			<string>PBXFileReference</string>
			<key>lastKnownFileType</key>
			<string>wrapper.framework</string>
			<key>name</key>
			<string>CoreGraphics.framework</string>
			<key>path</key>
			<string>System/Library/Frameworks/CoreGraphics.framework</string>
			<key>sourceTree</key>
			<string>SDKROOT</string>
		</dict>
		<key>CC06ABCD1892F7FD00E05422</key>
		<dict>
			<key>fileRef</key>
			<string>CC06ABCC1892F7FD00E05422</string>
			<key>isa</key>
			<string>PBXBuildFile</string>
		</dict>
		<key>CC06ABCE1892F7FD00E05422</key>
		<dict>
			<key>isa</key>
			<string>PBXFileReference</string>
			<key>lastKnownFileType</key>
			<string>wrapper.framework</string>
			<key>name</key>
			<string>UIKit.framework</string>
			<key>path</key>
			<string>System/Library/Frameworks/UIKit.framework</string>
			<key>sourceTree</key>
			<string>SDKROOT</string>
		</dict>
		<key>CC06ABCF1892F7FD00E05422</key>
		<dict>
			<key>fileRef</key>
			<string>CC06ABCE1892F7FD00E05422</string>
			<key>isa</key>
			<string>PBXBuildFile</string>
		</dict>
		<key>CC06ABD01892F7FD00E05422</key>
		<dict>
			<key>children</key>
			<array>
				<string>CC06ABD91892F7FD00E05422</string>
				<string>CC06ABDA1892F7FD00E05422</string>
				<string>CC06ABDC1892F7FD00E05422</string>
				<string>CC06ABDF1892F7FD00E05422</string>
				<string>CC06ABE01892F7FD00E05422</string>
				<string>CC06ABE21892F7FD00E05422</string>
				<string>CC06ABD11892F7FD00E05422</string>
			</array>
			<key>isa</key>
			<string>PBXGroup</string>
			<key>path</key>
			<string>Scrapbook</string>
			<key>sourceTree</key>
			<string>&lt;group&gt;</string>
		</dict>
		<key>CC06ABD11892F7FD00E05422</key>
		<dict>
			<key>children</key>
			<array>
				<string>CC06ABD21892F7FD00E05422</string>
				<string>CC06ABD31892F7FD00E05422</string>
				<string>CC06ABD61892F7FD00E05422</string>
				<string>CC06ABD81892F7FD00E05422</string>
			</array>
			<key>isa</key>
			<string>PBXGroup</string>
			<key>name</key>
			<string>Supporting Files</string>
			<key>sourceTree</key>
			<string>&lt;group&gt;</string>
		</dict>
		<key>CC06ABD21892F7FD00E05422</key>
		<dict>
			<key>isa</key>
			<string>PBXFileReference</string>
			<key>lastKnownFileType</key>
			<string>text.plist.xml</string>
			<key>path</key>
			<string>Scrapbook-Info.plist</string>
			<key>sourceTree</key>
			<string>&lt;group&gt;</string>
		</dict>
		<key>CC06ABD31892F7FD00E05422</key>
		<dict>
			<key>children</key>
			<array>
				<string>CC06ABD41892F7FD00E05422</string>
			</array>
			<key>isa</key>
			<string>PBXVariantGroup</string>
			<key>name</key>
			<string>InfoPlist.strings</string>
			<key>sourceTree</key>
			<string>&lt;group&gt;</string>
		</dict>
		<key>CC06ABD41892F7FD00E05422</key>
		<dict>
			<key>isa</key>
			<string>PBXFileReference</string>
			<key>lastKnownFileType</key>
			<string>text.plist.strings</string>
			<key>name</key>
			<string>en</string>
			<key>path</key>
			<string>en.lproj/InfoPlist.strings</string>
			<key>sourceTree</key>
			<string>&lt;group&gt;</string>
		</dict>
		<key>CC06ABD51892F7FD00E05422</key>
		<dict>
			<key>fileRef</key>
			<string>CC06ABD31892F7FD00E05422</string>
			<key>isa</key>
			<string>PBXBuildFile</string>
		</dict>
		<key>CC06ABD61892F7FD00E05422</key>
		<dict>
			<key>isa</key>
			<string>PBXFileReference</string>
			<key>lastKnownFileType</key>
			<string>sourcecode.c.objc</string>
			<key>path</key>
			<string>main.m</string>
			<key>sourceTree</key>
			<string>&lt;group&gt;</string>
		</dict>
		<key>CC06ABD71892F7FD00E05422</key>
		<dict>
			<key>fileRef</key>
			<string>CC06ABD61892F7FD00E05422</string>
			<key>isa</key>
			<string>PBXBuildFile</string>
		</dict>
		<key>CC06ABD81892F7FD00E05422</key>
		<dict>
			<key>isa</key>
			<string>PBXFileReference</string>
			<key>lastKnownFileType</key>
			<string>sourcecode.c.h</string>
			<key>path</key>
			<string>Scrapbook-Prefix.pch</string>
			<key>sourceTree</key>
			<string>&lt;group&gt;</string>
		</dict>
		<key>CC06ABD91892F7FD00E05422</key>
		<dict>
			<key>isa</key>
			<string>PBXFileReference</string>
			<key>lastKnownFileType</key>
			<string>sourcecode.c.h</string>
			<key>path</key>
			<string>FGAppDelegate.h</string>
			<key>sourceTree</key>
			<string>&lt;group&gt;</string>
		</dict>
		<key>CC06ABDA1892F7FD00E05422</key>
		<dict>
			<key>isa</key>
			<string>PBXFileReference</string>
			<key>lastKnownFileType</key>
			<string>sourcecode.c.objc</string>
			<key>path</key>
			<string>FGAppDelegate.m</string>
			<key>sourceTree</key>
			<string>&lt;group&gt;</string>
		</dict>
		<key>CC06ABDB1892F7FD00E05422</key>
		<dict>
			<key>fileRef</key>
			<string>CC06ABDA1892F7FD00E05422</string>
			<key>isa</key>
			<string>PBXBuildFile</string>
		</dict>
		<key>CC06ABDC1892F7FD00E05422</key>
		<dict>
			<key>children</key>
			<array>
				<string>CC06ABDD1892F7FD00E05422</string>
			</array>
			<key>isa</key>
			<string>PBXVariantGroup</string>
			<key>name</key>
			<string>Main.storyboard</string>
			<key>sourceTree</key>
			<string>&lt;group&gt;</string>
		</dict>
		<key>CC06ABDD1892F7FD00E05422</key>
		<dict>
			<key>isa</key>
			<string>PBXFileReference</string>
			<key>lastKnownFileType</key>
			<string>file.storyboard</string>
			<key>name</key>
			<string>Base</string>
			<key>path</key>
			<string>Base.lproj/Main.storyboard</string>
			<key>sourceTree</key>
			<string>&lt;group&gt;</string>
		</dict>
		<key>CC06ABDE1892F7FD00E05422</key>
		<dict>
			<key>fileRef</key>
			<string>CC06ABDC1892F7FD00E05422</string>
			<key>isa</key>
			<string>PBXBuildFile</string>
		</dict>
		<key>CC06ABDF1892F7FD00E05422</key>
		<dict>
			<key>isa</key>
			<string>PBXFileReference</string>
			<key>lastKnownFileType</key>
			<string>sourcecode.c.h</string>
			<key>path</key>
			<string>FGViewController.h</string>
			<key>sourceTree</key>
			<string>&lt;group&gt;</string>
		</dict>
		<key>CC06ABE01892F7FD00E05422</key>
		<dict>
			<key>isa</key>
			<string>PBXFileReference</string>
			<key>lastKnownFileType</key>
			<string>sourcecode.c.objc</string>
			<key>path</key>
			<string>FGViewController.m</string>
			<key>sourceTree</key>
			<string>&lt;group&gt;</string>
		</dict>
		<key>CC06ABE11892F7FD00E05422</key>
		<dict>
			<key>fileRef</key>
			<string>CC06ABE01892F7FD00E05422</string>
			<key>isa</key>
			<string>PBXBuildFile</string>
		</dict>
		<key>CC06ABE21892F7FD00E05422</key>
		<dict>
			<key>isa</key>
			<string>PBXFileReference</string>
			<key>lastKnownFileType</key>
			<string>folder.assetcatalog</string>
			<key>path</key>
			<string>Images.xcassets</string>
			<key>sourceTree</key>
			<string>&lt;group&gt;</string>
		</dict>
		<key>CC06ABE31892F7FD00E05422</key>
		<dict>
			<key>fileRef</key>
			<string>CC06ABE21892F7FD00E05422</string>
			<key>isa</key>
			<string>PBXBuildFile</string>
		</dict>
		<key>CC06ABE41892F7FE00E05422</key>
		<dict>
			<key>buildActionMask</key>
			<string>2147483647</string>
			<key>files</key>
			<array>
				<string>CC06ABF61892F7FE00E05422</string>
			</array>
			<key>isa</key>
			<string>PBXSourcesBuildPhase</string>
			<key>runOnlyForDeploymentPostprocessing</key>
			<string>0</string>
		</dict>
		<key>CC06ABE51892F7FE00E05422</key>
		<dict>
			<key>buildActionMask</key>
			<string>2147483647</string>
			<key>files</key>
			<array>
				<string>CC06ABEA1892F7FE00E05422</string>
				<string>CC06ABEC1892F7FE00E05422</string>
				<string>CC06ABEB1892F7FE00E05422</string>
			</array>
			<key>isa</key>
			<string>PBXFrameworksBuildPhase</string>
			<key>runOnlyForDeploymentPostprocessing</key>
			<string>0</string>
		</dict>
		<key>CC06ABE61892F7FE00E05422</key>
		<dict>
			<key>buildActionMask</key>
			<string>2147483647</string>
			<key>files</key>
			<array>
				<string>CC06ABF41892F7FE00E05422</string>
			</array>
			<key>isa</key>
			<string>PBXResourcesBuildPhase</string>
			<key>runOnlyForDeploymentPostprocessing</key>
			<string>0</string>
		</dict>
		<key>CC06ABE71892F7FE00E05422</key>
		<dict>
			<key>buildConfigurationList</key>
			<string>CC06ABFC1892F7FE00E05422</string>
			<key>buildPhases</key>
			<array>
				<string>CC06ABE41892F7FE00E05422</string>
				<string>CC06ABE51892F7FE00E05422</string>
				<string>CC06ABE61892F7FE00E05422</string>
			</array>
			<key>buildRules</key>
			<array/>
			<key>dependencies</key>
			<array>
				<string>CC06ABEE1892F7FE00E05422</string>
			</array>
			<key>isa</key>
			<string>PBXNativeTarget</string>
			<key>name</key>
			<string>ScrapbookTests</string>
			<key>productName</key>
			<string>ScrapbookTests</string>
			<key>productReference</key>
			<string>CC06ABE81892F7FE00E05422</string>
			<key>productType</key>
			<string>com.apple.product-type.bundle.unit-test</string>
		</dict>
		<key>CC06ABE81892F7FE00E05422</key>
		<dict>
			<key>explicitFileType</key>
			<string>wrapper.cfbundle</string>
			<key>includeInIndex</key>
			<string>0</string>
			<key>isa</key>
			<string>PBXFileReference</string>
			<key>path</key>
			<string>ScrapbookTests.xctest</string>
			<key>sourceTree</key>
			<string>BUILT_PRODUCTS_DIR</string>
		</dict>
		<key>CC06ABE91892F7FE00E05422</key>
		<dict>
			<key>isa</key>
			<string>PBXFileReference</string>
			<key>lastKnownFileType</key>
			<string>wrapper.framework</string>
			<key>name</key>
			<string>XCTest.framework</string>
			<key>path</key>
			<string>Library/Frameworks/XCTest.framework</string>
			<key>sourceTree</key>
			<string>DEVELOPER_DIR</string>
		</dict>
		<key>CC06ABEA1892F7FE00E05422</key>
		<dict>
			<key>fileRef</key>
			<string>CC06ABE91892F7FE00E05422</string>
			<key>isa</key>
			<string>PBXBuildFile</string>
		</dict>
		<key>CC06ABEB1892F7FE00E05422</key>
		<dict>
			<key>fileRef</key>
			<string>CC06ABCA1892F7FD00E05422</string>
			<key>isa</key>
			<string>PBXBuildFile</string>
		</dict>
		<key>CC06ABEC1892F7FE00E05422</key>
		<dict>
			<key>fileRef</key>
			<string>CC06ABCE1892F7FD00E05422</string>
			<key>isa</key>
			<string>PBXBuildFile</string>
		</dict>
		<key>CC06ABED1892F7FE00E05422</key>
		<dict>
			<key>containerPortal</key>
			<string>CC06ABBF1892F7FD00E05422</string>
			<key>isa</key>
			<string>PBXContainerItemProxy</string>
			<key>proxyType</key>
			<string>1</string>
			<key>remoteGlobalIDString</key>
			<string>CC06ABC61892F7FD00E05422</string>
			<key>remoteInfo</key>
			<string>Scrapbook</string>
		</dict>
		<key>CC06ABEE1892F7FE00E05422</key>
		<dict>
			<key>isa</key>
			<string>PBXTargetDependency</string>
			<key>target</key>
			<string>CC06ABC61892F7FD00E05422</string>
			<key>targetProxy</key>
			<string>CC06ABED1892F7FE00E05422</string>
		</dict>
		<key>CC06ABEF1892F7FE00E05422</key>
		<dict>
			<key>children</key>
			<array>
				<string>CC06ABF51892F7FE00E05422</string>
				<string>CC06ABF01892F7FE00E05422</string>
			</array>
			<key>isa</key>
			<string>PBXGroup</string>
			<key>path</key>
			<string>ScrapbookTests</string>
			<key>sourceTree</key>
			<string>&lt;group&gt;</string>
		</dict>
		<key>CC06ABF01892F7FE00E05422</key>
		<dict>
			<key>children</key>
			<array>
				<string>CC06ABF11892F7FE00E05422</string>
				<string>CC06ABF21892F7FE00E05422</string>
			</array>
			<key>isa</key>
			<string>PBXGroup</string>
			<key>name</key>
			<string>Supporting Files</string>
			<key>sourceTree</key>
			<string>&lt;group&gt;</string>
		</dict>
		<key>CC06ABF11892F7FE00E05422</key>
		<dict>
			<key>isa</key>
			<string>PBXFileReference</string>
			<key>lastKnownFileType</key>
			<string>text.plist.xml</string>
			<key>path</key>
			<string>ScrapbookTests-Info.plist</string>
			<key>sourceTree</key>
			<string>&lt;group&gt;</string>
		</dict>
		<key>CC06ABF21892F7FE00E05422</key>
		<dict>
			<key>children</key>
			<array>
				<string>CC06ABF31892F7FE00E05422</string>
			</array>
			<key>isa</key>
			<string>PBXVariantGroup</string>
			<key>name</key>
			<string>InfoPlist.strings</string>
			<key>sourceTree</key>
			<string>&lt;group&gt;</string>
		</dict>
		<key>CC06ABF31892F7FE00E05422</key>
		<dict>
			<key>isa</key>
			<string>PBXFileReference</string>
			<key>lastKnownFileType</key>
			<string>text.plist.strings</string>
			<key>name</key>
			<string>en</string>
			<key>path</key>
			<string>en.lproj/InfoPlist.strings</string>
			<key>sourceTree</key>
			<string>&lt;group&gt;</string>
		</dict>
		<key>CC06ABF41892F7FE00E05422</key>
		<dict>
			<key>fileRef</key>
			<string>CC06ABF21892F7FE00E05422</string>
			<key>isa</key>
			<string>PBXBuildFile</string>
		</dict>
		<key>CC06ABF51892F7FE00E05422</key>
		<dict>
			<key>isa</key>
			<string>PBXFileReference</string>
			<key>lastKnownFileType</key>
			<string>sourcecode.c.objc</string>
			<key>path</key>
			<string>ScrapbookTests.m</string>
			<key>sourceTree</key>
			<string>&lt;group&gt;</string>
		</dict>
		<key>CC06ABF61892F7FE00E05422</key>
		<dict>
			<key>fileRef</key>
			<string>CC06ABF51892F7FE00E05422</string>
			<key>isa</key>
			<string>PBXBuildFile</string>
		</dict>
		<key>CC06ABF71892F7FE00E05422</key>
		<dict>
			<key>buildSettings</key>
			<dict>
				<key>ALWAYS_SEARCH_USER_PATHS</key>
				<string>NO</string>
				<key>ARCHS</key>
				<string>$(ARCHS_STANDARD_INCLUDING_64_BIT)</string>
				<key>CLANG_CXX_LANGUAGE_STANDARD</key>
				<string>gnu++0x</string>
				<key>CLANG_CXX_LIBRARY</key>
				<string>libc++</string>
				<key>CLANG_ENABLE_MODULES</key>
				<string>YES</string>
				<key>CLANG_ENABLE_OBJC_ARC</key>
				<string>YES</string>
				<key>CLANG_WARN_BOOL_CONVERSION</key>
				<string>YES</string>
				<key>CLANG_WARN_CONSTANT_CONVERSION</key>
				<string>YES</string>
				<key>CLANG_WARN_DIRECT_OBJC_ISA_USAGE</key>
				<string>YES_ERROR</string>
				<key>CLANG_WARN_EMPTY_BODY</key>
				<string>YES</string>
				<key>CLANG_WARN_ENUM_CONVERSION</key>
				<string>YES</string>
				<key>CLANG_WARN_INT_CONVERSION</key>
				<string>YES</string>
				<key>CLANG_WARN_OBJC_ROOT_CLASS</key>
				<string>YES_ERROR</string>
				<key>CLANG_WARN__DUPLICATE_METHOD_MATCH</key>
				<string>YES</string>
				<key>CODE_SIGN_IDENTITY[sdk=iphoneos*]</key>
				<string>iPhone Developer</string>
				<key>COPY_PHASE_STRIP</key>
				<string>NO</string>
				<key>GCC_C_LANGUAGE_STANDARD</key>
				<string>gnu99</string>
				<key>GCC_DYNAMIC_NO_PIC</key>
				<string>NO</string>
				<key>GCC_OPTIMIZATION_LEVEL</key>
				<string>0</string>
				<key>GCC_PREPROCESSOR_DEFINITIONS</key>
				<array>
					<string>DEBUG=1</string>
					<string>$(inherited)</string>
				</array>
				<key>GCC_SYMBOLS_PRIVATE_EXTERN</key>
				<string>NO</string>
				<key>GCC_WARN_64_TO_32_BIT_CONVERSION</key>
				<string>YES</string>
				<key>GCC_WARN_ABOUT_RETURN_TYPE</key>
				<string>YES_ERROR</string>
				<key>GCC_WARN_UNDECLARED_SELECTOR</key>
				<string>YES</string>
				<key>GCC_WARN_UNINITIALIZED_AUTOS</key>
				<string>YES</string>
				<key>GCC_WARN_UNUSED_FUNCTION</key>
				<string>YES</string>
				<key>GCC_WARN_UNUSED_VARIABLE</key>
				<string>YES</string>
				<key>IPHONEOS_DEPLOYMENT_TARGET</key>
				<string>7.0</string>
				<key>ONLY_ACTIVE_ARCH</key>
				<string>YES</string>
				<key>SDKROOT</key>
				<string>iphoneos</string>
			</dict>
			<key>isa</key>
			<string>XCBuildConfiguration</string>
			<key>name</key>
			<string>Debug</string>
		</dict>
		<key>CC06ABF81892F7FE00E05422</key>
		<dict>
			<key>buildSettings</key>
			<dict>
				<key>ALWAYS_SEARCH_USER_PATHS</key>
				<string>NO</string>
				<key>ARCHS</key>
				<string>$(ARCHS_STANDARD_INCLUDING_64_BIT)</string>
				<key>CLANG_CXX_LANGUAGE_STANDARD</key>
				<string>gnu++0x</string>
				<key>CLANG_CXX_LIBRARY</key>
				<string>libc++</string>
				<key>CLANG_ENABLE_MODULES</key>
				<string>YES</string>
				<key>CLANG_ENABLE_OBJC_ARC</key>
				<string>YES</string>
				<key>CLANG_WARN_BOOL_CONVERSION</key>
				<string>YES</string>
				<key>CLANG_WARN_CONSTANT_CONVERSION</key>
				<string>YES</string>
				<key>CLANG_WARN_DIRECT_OBJC_ISA_USAGE</key>
				<string>YES_ERROR</string>
				<key>CLANG_WARN_EMPTY_BODY</key>
				<string>YES</string>
				<key>CLANG_WARN_ENUM_CONVERSION</key>
				<string>YES</string>
				<key>CLANG_WARN_INT_CONVERSION</key>
				<string>YES</string>
				<key>CLANG_WARN_OBJC_ROOT_CLASS</key>
				<string>YES_ERROR</string>
				<key>CLANG_WARN__DUPLICATE_METHOD_MATCH</key>
				<string>YES</string>
				<key>CODE_SIGN_IDENTITY[sdk=iphoneos*]</key>
				<string>iPhone Developer</string>
				<key>COPY_PHASE_STRIP</key>
				<string>YES</string>
				<key>ENABLE_NS_ASSERTIONS</key>
				<string>NO</string>
				<key>GCC_C_LANGUAGE_STANDARD</key>
				<string>gnu99</string>
				<key>GCC_WARN_64_TO_32_BIT_CONVERSION</key>
				<string>YES</string>
				<key>GCC_WARN_ABOUT_RETURN_TYPE</key>
				<string>YES_ERROR</string>
				<key>GCC_WARN_UNDECLARED_SELECTOR</key>
				<string>YES</string>
				<key>GCC_WARN_UNINITIALIZED_AUTOS</key>
				<string>YES</string>
				<key>GCC_WARN_UNUSED_FUNCTION</key>
				<string>YES</string>
				<key>GCC_WARN_UNUSED_VARIABLE</key>
				<string>YES</string>
				<key>IPHONEOS_DEPLOYMENT_TARGET</key>
				<string>7.0</string>
				<key>SDKROOT</key>
				<string>iphoneos</string>
				<key>VALIDATE_PRODUCT</key>
				<string>YES</string>
			</dict>
			<key>isa</key>
			<string>XCBuildConfiguration</string>
			<key>name</key>
			<string>Release</string>
		</dict>
		<key>CC06ABF91892F7FE00E05422</key>
		<dict>
			<key>buildConfigurations</key>
			<array>
				<string>CC06ABFA1892F7FE00E05422</string>
				<string>CC06ABFB1892F7FE00E05422</string>
			</array>
			<key>defaultConfigurationIsVisible</key>
			<string>0</string>
			<key>isa</key>
			<string>XCConfigurationList</string>
		</dict>
		<key>CC06ABFA1892F7FE00E05422</key>
		<dict>
			<key>baseConfigurationReference</key>
			<string>852E41C35DA44549A7436BFA</string>
			<key>buildSettings</key>
			<dict>
				<key>ASSETCATALOG_COMPILER_APPICON_NAME</key>
				<string>AppIcon</string>
				<key>ASSETCATALOG_COMPILER_LAUNCHIMAGE_NAME</key>
				<string>LaunchImage</string>
				<key>GCC_PRECOMPILE_PREFIX_HEADER</key>
				<string>YES</string>
				<key>GCC_PREFIX_HEADER</key>
				<string>Scrapbook/Scrapbook-Prefix.pch</string>
				<key>INFOPLIST_FILE</key>
				<string>Scrapbook/Scrapbook-Info.plist</string>
				<key>PRODUCT_NAME</key>
				<string>$(TARGET_NAME)</string>
				<key>WRAPPER_EXTENSION</key>
				<string>app</string>
			</dict>
			<key>isa</key>
			<string>XCBuildConfiguration</string>
			<key>name</key>
			<string>Debug</string>
		</dict>
		<key>CC06ABFB1892F7FE00E05422</key>
		<dict>
			<key>baseConfigurationReference</key>
			<string>852E41C35DA44549A7436BFA</string>
			<key>buildSettings</key>
			<dict>
				<key>ASSETCATALOG_COMPILER_APPICON_NAME</key>
				<string>AppIcon</string>
				<key>ASSETCATALOG_COMPILER_LAUNCHIMAGE_NAME</key>
				<string>LaunchImage</string>
				<key>GCC_PRECOMPILE_PREFIX_HEADER</key>
				<string>YES</string>
				<key>GCC_PREFIX_HEADER</key>
				<string>Scrapbook/Scrapbook-Prefix.pch</string>
				<key>INFOPLIST_FILE</key>
				<string>Scrapbook/Scrapbook-Info.plist</string>
				<key>PRODUCT_NAME</key>
				<string>$(TARGET_NAME)</string>
				<key>WRAPPER_EXTENSION</key>
				<string>app</string>
			</dict>
			<key>isa</key>
			<string>XCBuildConfiguration</string>
			<key>name</key>
			<string>Release</string>
		</dict>
		<key>CC06ABFC1892F7FE00E05422</key>
		<dict>
			<key>buildConfigurations</key>
			<array>
				<string>CC06ABFD1892F7FE00E05422</string>
				<string>CC06ABFE1892F7FE00E05422</string>
			</array>
			<key>defaultConfigurationIsVisible</key>
			<string>0</string>
			<key>isa</key>
			<string>XCConfigurationList</string>
		</dict>
		<key>CC06ABFD1892F7FE00E05422</key>
		<dict>
			<key>buildSettings</key>
			<dict>
				<key>ARCHS</key>
				<string>$(ARCHS_STANDARD_INCLUDING_64_BIT)</string>
				<key>BUNDLE_LOADER</key>
				<string>$(BUILT_PRODUCTS_DIR)/Scrapbook.app/Scrapbook</string>
				<key>FRAMEWORK_SEARCH_PATHS</key>
				<array>
					<string>$(SDKROOT)/Developer/Library/Frameworks</string>
					<string>$(inherited)</string>
					<string>$(DEVELOPER_FRAMEWORKS_DIR)</string>
				</array>
				<key>GCC_PRECOMPILE_PREFIX_HEADER</key>
				<string>YES</string>
				<key>GCC_PREFIX_HEADER</key>
				<string>Scrapbook/Scrapbook-Prefix.pch</string>
				<key>GCC_PREPROCESSOR_DEFINITIONS</key>
				<array>
					<string>DEBUG=1</string>
					<string>$(inherited)</string>
				</array>
				<key>INFOPLIST_FILE</key>
				<string>ScrapbookTests/ScrapbookTests-Info.plist</string>
				<key>PRODUCT_NAME</key>
				<string>$(TARGET_NAME)</string>
				<key>TEST_HOST</key>
				<string>$(BUNDLE_LOADER)</string>
				<key>WRAPPER_EXTENSION</key>
				<string>xctest</string>
			</dict>
			<key>isa</key>
			<string>XCBuildConfiguration</string>
			<key>name</key>
			<string>Debug</string>
		</dict>
		<key>CC06ABFE1892F7FE00E05422</key>
		<dict>
			<key>buildSettings</key>
			<dict>
				<key>ARCHS</key>
				<string>$(ARCHS_STANDARD_INCLUDING_64_BIT)</string>
				<key>BUNDLE_LOADER</key>
				<string>$(BUILT_PRODUCTS_DIR)/Scrapbook.app/Scrapbook</string>
				<key>FRAMEWORK_SEARCH_PATHS</key>
				<array>
					<string>$(SDKROOT)/Developer/Library/Frameworks</string>
					<string>$(inherited)</string>
					<string>$(DEVELOPER_FRAMEWORKS_DIR)</string>
				</array>
				<key>GCC_PRECOMPILE_PREFIX_HEADER</key>
				<string>YES</string>
				<key>GCC_PREFIX_HEADER</key>
				<string>Scrapbook/Scrapbook-Prefix.pch</string>
				<key>INFOPLIST_FILE</key>
				<string>ScrapbookTests/ScrapbookTests-Info.plist</string>
				<key>PRODUCT_NAME</key>
				<string>$(TARGET_NAME)</string>
				<key>TEST_HOST</key>
				<string>$(BUNDLE_LOADER)</string>
				<key>WRAPPER_EXTENSION</key>
				<string>xctest</string>
			</dict>
			<key>isa</key>
			<string>XCBuildConfiguration</string>
			<key>name</key>
			<string>Release</string>
		</dict>
		<key>E8DDB93FDA6E49A7B7DD4A9A</key>
		<dict>
			<key>fileRef</key>
			<string>865D3656DA6D4784BFEBC9FA</string>
			<key>isa</key>
			<string>PBXBuildFile</string>
		</dict>
	</dict>
	<key>rootObject</key>
	<string>CC06ABBF1892F7FD00E05422</string>
</dict>
</plist>
